
Microsoft Visual Studio Solution File, Format Version 12.00
# Visual Studio 2013
VisualStudioVersion = 12.0.31101.0
MinimumVisualStudioVersion = 10.0.40219.1
Project("{FAE04EC0-301F-11D3-BF4B-00C04F79EFBC}") = "GamesUIDemo", "ThwUIDemo\ThwUIDemo\GamesUIDemo.csproj", "{12A1D2E4-A469-4618-BEBB-5ED28C38F7B3}"
EndProject
Project("{FAE04EC0-301F-11D3-BF4B-00C04F79EFBC}") = "GamesUIDemoContent", "ThwUIDemo\ThwUIDemoContent\GamesUIDemoContent.contentproj", "{603637D2-C375-418D-8FCD-4FE5F9966AB1}"
EndProject
Project("{FAE04EC0-301F-11D3-BF4B-00C04F79EFBC}") = "UIDesigner", "ThwUIDesigner\UIDesigner.csproj", "{1CA08860-E749-4B4F-8A5E-A8BD34A93F1C}"
EndProject
Project("{FAE04EC0-301F-11D3-BF4B-00C04F79EFBC}") = "ThwUIRT", "ThwUI\ThwUIRT.csproj", "{6DAA8E32-FD7A-4274-888B-13D87EDA641E}"
EndProject
Project("{FAE04EC0-301F-11D3-BF4B-00C04F79EFBC}") = "ThwUI", "ThwUI\ThwUI.csproj", "{33AD070E-5B93-4513-8B64-79830BBEB837}"
EndProject
Project("{2150E333-8FDC-42A3-9474-1A3956D46DE8}") = "Renders", "Renders", "{B367BE2C-EB00-45EF-BB0B-98028CF82B2C}"
EndProject
Project("{FAE04EC0-301F-11D3-BF4B-00C04F79EFBC}") = "RenderXNA", "RenderXNA\RenderXNA.csproj", "{3210F6F0-6D4E-467C-8E7D-DBE7FFBDED5B}"
EndProject
Project("{FAE04EC0-301F-11D3-BF4B-00C04F79EFBC}") = "RenderGDI", "RenderGDI\RenderGDI.csproj", "{B77E4890-8CD0-4BF0-8752-D799D2162359}"
EndProject
Project("{8BC9CEB8-8B4A-11D0-8D11-00A0C91BC942}") = "RenderDirect3D", "RenderDirect3D\RenderDirect3D.vcxproj", "{ABB60E77-F920-420B-8E45-ED5966650357}"
EndProject
Project("{8BC9CEB8-8B4A-11D0-8D11-00A0C91BC942}") = "OpenGLImplementation", "RenderOpenGL\RenderOpenGL.vcxproj", "{EC48474E-A2FA-44E6-8757-935C9A2F390B}"
EndProject
Project("{FAE04EC0-301F-11D3-BF4B-00C04F79EFBC}") = "DefaultAssets", "DefaultAssets\DefaultAssets.csproj", "{A678CA26-1841-4D54-960D-A00311758C5C}"
EndProject
Global
	GlobalSection(SubversionScc) = preSolution
		Svn-Managed = True
		Manager = AnkhSVN - Subversion Support for Visual Studio
	EndGlobalSection
	GlobalSection(SolutionConfigurationPlatforms) = preSolution
		Debug|Any CPU = Debug|Any CPU
		Debug|ARM = Debug|ARM
		Debug|Mixed Platforms = Debug|Mixed Platforms
		Debug|Win32 = Debug|Win32
		Debug|Windows Phone = Debug|Windows Phone
		Debug|x64 = Debug|x64
		Debug|x86 = Debug|x86
		Debug|Xbox 360 = Debug|Xbox 360
		Release|Any CPU = Release|Any CPU
		Release|ARM = Release|ARM
		Release|Mixed Platforms = Release|Mixed Platforms
		Release|Win32 = Release|Win32
		Release|Windows Phone = Release|Windows Phone
		Release|x64 = Release|x64
		Release|x86 = Release|x86
		Release|Xbox 360 = Release|Xbox 360
	EndGlobalSection
	GlobalSection(ProjectConfigurationPlatforms) = postSolution
		{12A1D2E4-A469-4618-BEBB-5ED28C38F7B3}.Debug|Any CPU.ActiveCfg = Debug|x86
		{12A1D2E4-A469-4618-BEBB-5ED28C38F7B3}.Debug|ARM.ActiveCfg = Debug|x86
		{12A1D2E4-A469-4618-BEBB-5ED28C38F7B3}.Debug|Mixed Platforms.ActiveCfg = Debug|x86
		{12A1D2E4-A469-4618-BEBB-5ED28C38F7B3}.Debug|Mixed Platforms.Build.0 = Debug|x86
		{12A1D2E4-A469-4618-BEBB-5ED28C38F7B3}.Debug|Win32.ActiveCfg = Debug|x86
		{12A1D2E4-A469-4618-BEBB-5ED28C38F7B3}.Debug|Windows Phone.ActiveCfg = Debug|x86
		{12A1D2E4-A469-4618-BEBB-5ED28C38F7B3}.Debug|Windows Phone.Build.0 = Debug|x86
		{12A1D2E4-A469-4618-BEBB-5ED28C38F7B3}.Debug|x64.ActiveCfg = Debug|x86
		{12A1D2E4-A469-4618-BEBB-5ED28C38F7B3}.Debug|x86.ActiveCfg = Debug|x86
		{12A1D2E4-A469-4618-BEBB-5ED28C38F7B3}.Debug|x86.Build.0 = Debug|x86
		{12A1D2E4-A469-4618-BEBB-5ED28C38F7B3}.Debug|Xbox 360.ActiveCfg = Debug|x86
		{12A1D2E4-A469-4618-BEBB-5ED28C38F7B3}.Debug|Xbox 360.Build.0 = Debug|x86
		{12A1D2E4-A469-4618-BEBB-5ED28C38F7B3}.Release|Any CPU.ActiveCfg = Release|x86
		{12A1D2E4-A469-4618-BEBB-5ED28C38F7B3}.Release|ARM.ActiveCfg = Release|x86
		{12A1D2E4-A469-4618-BEBB-5ED28C38F7B3}.Release|Mixed Platforms.ActiveCfg = Release|x86
		{12A1D2E4-A469-4618-BEBB-5ED28C38F7B3}.Release|Mixed Platforms.Build.0 = Release|x86
		{12A1D2E4-A469-4618-BEBB-5ED28C38F7B3}.Release|Win32.ActiveCfg = Release|x86
		{12A1D2E4-A469-4618-BEBB-5ED28C38F7B3}.Release|Windows Phone.ActiveCfg = Release|x86
		{12A1D2E4-A469-4618-BEBB-5ED28C38F7B3}.Release|Windows Phone.Build.0 = Release|x86
		{12A1D2E4-A469-4618-BEBB-5ED28C38F7B3}.Release|x64.ActiveCfg = Release|x86
		{12A1D2E4-A469-4618-BEBB-5ED28C38F7B3}.Release|x86.ActiveCfg = Release|x86
		{12A1D2E4-A469-4618-BEBB-5ED28C38F7B3}.Release|x86.Build.0 = Release|x86
		{12A1D2E4-A469-4618-BEBB-5ED28C38F7B3}.Release|Xbox 360.ActiveCfg = Release|x86
		{12A1D2E4-A469-4618-BEBB-5ED28C38F7B3}.Release|Xbox 360.Build.0 = Release|x86
		{603637D2-C375-418D-8FCD-4FE5F9966AB1}.Debug|Any CPU.ActiveCfg = Debug|x86
		{603637D2-C375-418D-8FCD-4FE5F9966AB1}.Debug|ARM.ActiveCfg = Debug|x86
		{603637D2-C375-418D-8FCD-4FE5F9966AB1}.Debug|Mixed Platforms.ActiveCfg = Debug|x86
		{603637D2-C375-418D-8FCD-4FE5F9966AB1}.Debug|Win32.ActiveCfg = Debug|x86
		{603637D2-C375-418D-8FCD-4FE5F9966AB1}.Debug|Windows Phone.ActiveCfg = Debug|x86
		{603637D2-C375-418D-8FCD-4FE5F9966AB1}.Debug|x64.ActiveCfg = Debug|x86
		{603637D2-C375-418D-8FCD-4FE5F9966AB1}.Debug|x86.ActiveCfg = Debug|x86
		{603637D2-C375-418D-8FCD-4FE5F9966AB1}.Debug|Xbox 360.ActiveCfg = Debug|x86
		{603637D2-C375-418D-8FCD-4FE5F9966AB1}.Release|Any CPU.ActiveCfg = Release|x86
		{603637D2-C375-418D-8FCD-4FE5F9966AB1}.Release|ARM.ActiveCfg = Release|x86
		{603637D2-C375-418D-8FCD-4FE5F9966AB1}.Release|Mixed Platforms.ActiveCfg = Release|x86
		{603637D2-C375-418D-8FCD-4FE5F9966AB1}.Release|Win32.ActiveCfg = Release|x86
		{603637D2-C375-418D-8FCD-4FE5F9966AB1}.Release|Windows Phone.ActiveCfg = Release|x86
		{603637D2-C375-418D-8FCD-4FE5F9966AB1}.Release|x64.ActiveCfg = Release|x86
		{603637D2-C375-418D-8FCD-4FE5F9966AB1}.Release|x86.ActiveCfg = Release|x86
		{603637D2-C375-418D-8FCD-4FE5F9966AB1}.Release|Xbox 360.ActiveCfg = Release|x86
		{1CA08860-E749-4B4F-8A5E-A8BD34A93F1C}.Debug|Any CPU.ActiveCfg = Debug|x86
		{1CA08860-E749-4B4F-8A5E-A8BD34A93F1C}.Debug|ARM.ActiveCfg = Debug|x86
		{1CA08860-E749-4B4F-8A5E-A8BD34A93F1C}.Debug|Mixed Platforms.ActiveCfg = Debug|x86
		{1CA08860-E749-4B4F-8A5E-A8BD34A93F1C}.Debug|Mixed Platforms.Build.0 = Debug|x86
		{1CA08860-E749-4B4F-8A5E-A8BD34A93F1C}.Debug|Win32.ActiveCfg = Debug|x86
		{1CA08860-E749-4B4F-8A5E-A8BD34A93F1C}.Debug|Windows Phone.ActiveCfg = Debug|x86
		{1CA08860-E749-4B4F-8A5E-A8BD34A93F1C}.Debug|Windows Phone.Build.0 = Debug|x86
		{1CA08860-E749-4B4F-8A5E-A8BD34A93F1C}.Debug|x64.ActiveCfg = Debug|x86
		{1CA08860-E749-4B4F-8A5E-A8BD34A93F1C}.Debug|x86.ActiveCfg = Debug|x86
		{1CA08860-E749-4B4F-8A5E-A8BD34A93F1C}.Debug|x86.Build.0 = Debug|x86
		{1CA08860-E749-4B4F-8A5E-A8BD34A93F1C}.Debug|Xbox 360.ActiveCfg = Debug|x86
		{1CA08860-E749-4B4F-8A5E-A8BD34A93F1C}.Debug|Xbox 360.Build.0 = Debug|x86
		{1CA08860-E749-4B4F-8A5E-A8BD34A93F1C}.Release|Any CPU.ActiveCfg = Release|x86
		{1CA08860-E749-4B4F-8A5E-A8BD34A93F1C}.Release|ARM.ActiveCfg = Release|x86
		{1CA08860-E749-4B4F-8A5E-A8BD34A93F1C}.Release|Mixed Platforms.ActiveCfg = Release|x86
		{1CA08860-E749-4B4F-8A5E-A8BD34A93F1C}.Release|Mixed Platforms.Build.0 = Release|x86
		{1CA08860-E749-4B4F-8A5E-A8BD34A93F1C}.Release|Win32.ActiveCfg = Release|x86
		{1CA08860-E749-4B4F-8A5E-A8BD34A93F1C}.Release|Windows Phone.ActiveCfg = Release|x86
		{1CA08860-E749-4B4F-8A5E-A8BD34A93F1C}.Release|Windows Phone.Build.0 = Release|x86
		{1CA08860-E749-4B4F-8A5E-A8BD34A93F1C}.Release|x64.ActiveCfg = Release|x86
		{1CA08860-E749-4B4F-8A5E-A8BD34A93F1C}.Release|x86.ActiveCfg = Release|x86
		{1CA08860-E749-4B4F-8A5E-A8BD34A93F1C}.Release|x86.Build.0 = Release|x86
		{1CA08860-E749-4B4F-8A5E-A8BD34A93F1C}.Release|Xbox 360.ActiveCfg = Release|x86
		{1CA08860-E749-4B4F-8A5E-A8BD34A93F1C}.Release|Xbox 360.Build.0 = Release|x86
		{6DAA8E32-FD7A-4274-888B-13D87EDA641E}.Debug|Any CPU.ActiveCfg = Debug|Any CPU
		{6DAA8E32-FD7A-4274-888B-13D87EDA641E}.Debug|Any CPU.Build.0 = Debug|Any CPU
		{6DAA8E32-FD7A-4274-888B-13D87EDA641E}.Debug|ARM.ActiveCfg = Debug|ARM
		{6DAA8E32-FD7A-4274-888B-13D87EDA641E}.Debug|ARM.Build.0 = Debug|ARM
		{6DAA8E32-FD7A-4274-888B-13D87EDA641E}.Debug|Mixed Platforms.ActiveCfg = Debug|x86
		{6DAA8E32-FD7A-4274-888B-13D87EDA641E}.Debug|Mixed Platforms.Build.0 = Debug|x86
		{6DAA8E32-FD7A-4274-888B-13D87EDA641E}.Debug|Win32.ActiveCfg = Debug|x86
		{6DAA8E32-FD7A-4274-888B-13D87EDA641E}.Debug|Win32.Build.0 = Debug|x86
		{6DAA8E32-FD7A-4274-888B-13D87EDA641E}.Debug|Windows Phone.ActiveCfg = Debug|Any CPU
		{6DAA8E32-FD7A-4274-888B-13D87EDA641E}.Debug|x64.ActiveCfg = Debug|x64
		{6DAA8E32-FD7A-4274-888B-13D87EDA641E}.Debug|x64.Build.0 = Debug|x64
		{6DAA8E32-FD7A-4274-888B-13D87EDA641E}.Debug|x86.ActiveCfg = Debug|x86
		{6DAA8E32-FD7A-4274-888B-13D87EDA641E}.Debug|x86.Build.0 = Debug|x86
		{6DAA8E32-FD7A-4274-888B-13D87EDA641E}.Debug|Xbox 360.ActiveCfg = Debug|Any CPU
		{6DAA8E32-FD7A-4274-888B-13D87EDA641E}.Release|Any CPU.ActiveCfg = Release|Any CPU
		{6DAA8E32-FD7A-4274-888B-13D87EDA641E}.Release|Any CPU.Build.0 = Release|Any CPU
		{6DAA8E32-FD7A-4274-888B-13D87EDA641E}.Release|ARM.ActiveCfg = Release|ARM
		{6DAA8E32-FD7A-4274-888B-13D87EDA641E}.Release|ARM.Build.0 = Release|ARM
		{6DAA8E32-FD7A-4274-888B-13D87EDA641E}.Release|Mixed Platforms.ActiveCfg = Release|x86
		{6DAA8E32-FD7A-4274-888B-13D87EDA641E}.Release|Mixed Platforms.Build.0 = Release|x86
		{6DAA8E32-FD7A-4274-888B-13D87EDA641E}.Release|Win32.ActiveCfg = Release|x86
		{6DAA8E32-FD7A-4274-888B-13D87EDA641E}.Release|Win32.Build.0 = Release|x86
		{6DAA8E32-FD7A-4274-888B-13D87EDA641E}.Release|Windows Phone.ActiveCfg = Release|Any CPU
		{6DAA8E32-FD7A-4274-888B-13D87EDA641E}.Release|x64.ActiveCfg = Release|x64
		{6DAA8E32-FD7A-4274-888B-13D87EDA641E}.Release|x64.Build.0 = Release|x64
		{6DAA8E32-FD7A-4274-888B-13D87EDA641E}.Release|x86.ActiveCfg = Release|x86
		{6DAA8E32-FD7A-4274-888B-13D87EDA641E}.Release|x86.Build.0 = Release|x86
		{6DAA8E32-FD7A-4274-888B-13D87EDA641E}.Release|Xbox 360.ActiveCfg = Release|Any CPU
		{33AD070E-5B93-4513-8B64-79830BBEB837}.Debug|Any CPU.ActiveCfg = Debug|x86
		{33AD070E-5B93-4513-8B64-79830BBEB837}.Debug|ARM.ActiveCfg = Debug|x86
		{33AD070E-5B93-4513-8B64-79830BBEB837}.Debug|Mixed Platforms.ActiveCfg = Debug|x86
		{33AD070E-5B93-4513-8B64-79830BBEB837}.Debug|Mixed Platforms.Build.0 = Debug|x86
		{33AD070E-5B93-4513-8B64-79830BBEB837}.Debug|Win32.ActiveCfg = Debug|x86
		{33AD070E-5B93-4513-8B64-79830BBEB837}.Debug|Win32.Build.0 = Debug|x86
		{33AD070E-5B93-4513-8B64-79830BBEB837}.Debug|Windows Phone.ActiveCfg = Debug|x86
		{33AD070E-5B93-4513-8B64-79830BBEB837}.Debug|x64.ActiveCfg = Debug|x86
		{33AD070E-5B93-4513-8B64-79830BBEB837}.Debug|x86.ActiveCfg = Debug|x86
		{33AD070E-5B93-4513-8B64-79830BBEB837}.Debug|x86.Build.0 = Debug|x86
		{33AD070E-5B93-4513-8B64-79830BBEB837}.Debug|Xbox 360.ActiveCfg = Debug|x86
		{33AD070E-5B93-4513-8B64-79830BBEB837}.Release|Any CPU.ActiveCfg = Release|x86
		{33AD070E-5B93-4513-8B64-79830BBEB837}.Release|ARM.ActiveCfg = Release|x86
		{33AD070E-5B93-4513-8B64-79830BBEB837}.Release|Mixed Platforms.ActiveCfg = Release|x86
		{33AD070E-5B93-4513-8B64-79830BBEB837}.Release|Mixed Platforms.Build.0 = Release|x86
		{33AD070E-5B93-4513-8B64-79830BBEB837}.Release|Win32.ActiveCfg = Release|x86
		{33AD070E-5B93-4513-8B64-79830BBEB837}.Release|Win32.Build.0 = Release|x86
		{33AD070E-5B93-4513-8B64-79830BBEB837}.Release|Windows Phone.ActiveCfg = Release|x86
		{33AD070E-5B93-4513-8B64-79830BBEB837}.Release|x64.ActiveCfg = Release|x86
		{33AD070E-5B93-4513-8B64-79830BBEB837}.Release|x86.ActiveCfg = Release|x86
		{33AD070E-5B93-4513-8B64-79830BBEB837}.Release|x86.Build.0 = Release|x86
		{33AD070E-5B93-4513-8B64-79830BBEB837}.Release|Xbox 360.ActiveCfg = Release|x86
		{3210F6F0-6D4E-467C-8E7D-DBE7FFBDED5B}.Debug|Any CPU.ActiveCfg = Debug|x86
		{3210F6F0-6D4E-467C-8E7D-DBE7FFBDED5B}.Debug|ARM.ActiveCfg = Debug|x86
		{3210F6F0-6D4E-467C-8E7D-DBE7FFBDED5B}.Debug|Mixed Platforms.ActiveCfg = Debug|x86
		{3210F6F0-6D4E-467C-8E7D-DBE7FFBDED5B}.Debug|Mixed Platforms.Build.0 = Debug|x86
		{3210F6F0-6D4E-467C-8E7D-DBE7FFBDED5B}.Debug|Win32.ActiveCfg = Debug|x86
		{3210F6F0-6D4E-467C-8E7D-DBE7FFBDED5B}.Debug|Win32.Build.0 = Debug|x86
		{3210F6F0-6D4E-467C-8E7D-DBE7FFBDED5B}.Debug|Windows Phone.ActiveCfg = Debug|x86
		{3210F6F0-6D4E-467C-8E7D-DBE7FFBDED5B}.Debug|x64.ActiveCfg = Debug|x86
		{3210F6F0-6D4E-467C-8E7D-DBE7FFBDED5B}.Debug|x86.ActiveCfg = Debug|x86
		{3210F6F0-6D4E-467C-8E7D-DBE7FFBDED5B}.Debug|x86.Build.0 = Debug|x86
		{3210F6F0-6D4E-467C-8E7D-DBE7FFBDED5B}.Debug|Xbox 360.ActiveCfg = Debug|x86
		{3210F6F0-6D4E-467C-8E7D-DBE7FFBDED5B}.Release|Any CPU.ActiveCfg = Release|x86
		{3210F6F0-6D4E-467C-8E7D-DBE7FFBDED5B}.Release|ARM.ActiveCfg = Release|x86
		{3210F6F0-6D4E-467C-8E7D-DBE7FFBDED5B}.Release|Mixed Platforms.ActiveCfg = Release|x86
		{3210F6F0-6D4E-467C-8E7D-DBE7FFBDED5B}.Release|Mixed Platforms.Build.0 = Release|x86
		{3210F6F0-6D4E-467C-8E7D-DBE7FFBDED5B}.Release|Win32.ActiveCfg = Release|x86
		{3210F6F0-6D4E-467C-8E7D-DBE7FFBDED5B}.Release|Win32.Build.0 = Release|x86
		{3210F6F0-6D4E-467C-8E7D-DBE7FFBDED5B}.Release|Windows Phone.ActiveCfg = Release|x86
		{3210F6F0-6D4E-467C-8E7D-DBE7FFBDED5B}.Release|x64.ActiveCfg = Release|x86
		{3210F6F0-6D4E-467C-8E7D-DBE7FFBDED5B}.Release|x86.ActiveCfg = Release|x86
		{3210F6F0-6D4E-467C-8E7D-DBE7FFBDED5B}.Release|x86.Build.0 = Release|x86
		{3210F6F0-6D4E-467C-8E7D-DBE7FFBDED5B}.Release|Xbox 360.ActiveCfg = Release|x86
		{B77E4890-8CD0-4BF0-8752-D799D2162359}.Debug|Any CPU.ActiveCfg = Debug|Any CPU
		{B77E4890-8CD0-4BF0-8752-D799D2162359}.Debug|Any CPU.Build.0 = Debug|Any CPU
		{B77E4890-8CD0-4BF0-8752-D799D2162359}.Debug|ARM.ActiveCfg = Debug|Any CPU
		{B77E4890-8CD0-4BF0-8752-D799D2162359}.Debug|Mixed Platforms.ActiveCfg = Debug|Any CPU
		{B77E4890-8CD0-4BF0-8752-D799D2162359}.Debug|Mixed Platforms.Build.0 = Debug|Any CPU
		{B77E4890-8CD0-4BF0-8752-D799D2162359}.Debug|Win32.ActiveCfg = Debug|Any CPU
		{B77E4890-8CD0-4BF0-8752-D799D2162359}.Debug|Windows Phone.ActiveCfg = Debug|Any CPU
		{B77E4890-8CD0-4BF0-8752-D799D2162359}.Debug|x64.ActiveCfg = Debug|Any CPU
		{B77E4890-8CD0-4BF0-8752-D799D2162359}.Debug|x86.ActiveCfg = Debug|Any CPU
		{B77E4890-8CD0-4BF0-8752-D799D2162359}.Debug|Xbox 360.ActiveCfg = Debug|Any CPU
		{B77E4890-8CD0-4BF0-8752-D799D2162359}.Release|Any CPU.ActiveCfg = Release|Any CPU
		{B77E4890-8CD0-4BF0-8752-D799D2162359}.Release|Any CPU.Build.0 = Release|Any CPU
		{B77E4890-8CD0-4BF0-8752-D799D2162359}.Release|ARM.ActiveCfg = Release|Any CPU
		{B77E4890-8CD0-4BF0-8752-D799D2162359}.Release|Mixed Platforms.ActiveCfg = Release|Any CPU
		{B77E4890-8CD0-4BF0-8752-D799D2162359}.Release|Mixed Platforms.Build.0 = Release|Any CPU
		{B77E4890-8CD0-4BF0-8752-D799D2162359}.Release|Win32.ActiveCfg = Release|Any CPU
		{B77E4890-8CD0-4BF0-8752-D799D2162359}.Release|Windows Phone.ActiveCfg = Release|Any CPU
		{B77E4890-8CD0-4BF0-8752-D799D2162359}.Release|x64.ActiveCfg = Release|Any CPU
		{B77E4890-8CD0-4BF0-8752-D799D2162359}.Release|x86.ActiveCfg = Release|Any CPU
		{B77E4890-8CD0-4BF0-8752-D799D2162359}.Release|Xbox 360.ActiveCfg = Release|Any CPU
		{ABB60E77-F920-420B-8E45-ED5966650357}.Debug|Any CPU.ActiveCfg = Debug|Win32
		{ABB60E77-F920-420B-8E45-ED5966650357}.Debug|ARM.ActiveCfg = Debug|Win32
		{ABB60E77-F920-420B-8E45-ED5966650357}.Debug|Mixed Platforms.ActiveCfg = Debug|Win32
		{ABB60E77-F920-420B-8E45-ED5966650357}.Debug|Mixed Platforms.Build.0 = Debug|Win32
		{ABB60E77-F920-420B-8E45-ED5966650357}.Debug|Win32.ActiveCfg = Debug|Win32
		{ABB60E77-F920-420B-8E45-ED5966650357}.Debug|Win32.Build.0 = Debug|Win32
		{ABB60E77-F920-420B-8E45-ED5966650357}.Debug|Windows Phone.ActiveCfg = Debug|Win32
		{ABB60E77-F920-420B-8E45-ED5966650357}.Debug|x64.ActiveCfg = Debug|Win32
		{ABB60E77-F920-420B-8E45-ED5966650357}.Debug|x86.ActiveCfg = Debug|Win32
		{ABB60E77-F920-420B-8E45-ED5966650357}.Debug|x86.Build.0 = Debug|Win32
		{ABB60E77-F920-420B-8E45-ED5966650357}.Debug|Xbox 360.ActiveCfg = Debug|Win32
		{ABB60E77-F920-420B-8E45-ED5966650357}.Release|Any CPU.ActiveCfg = Release|Win32
		{ABB60E77-F920-420B-8E45-ED5966650357}.Release|ARM.ActiveCfg = Release|Win32
		{ABB60E77-F920-420B-8E45-ED5966650357}.Release|Mixed Platforms.ActiveCfg = Release|Win32
		{ABB60E77-F920-420B-8E45-ED5966650357}.Release|Mixed Platforms.Build.0 = Release|Win32
		{ABB60E77-F920-420B-8E45-ED5966650357}.Release|Win32.ActiveCfg = Release|Win32
		{ABB60E77-F920-420B-8E45-ED5966650357}.Release|Win32.Build.0 = Release|Win32
		{ABB60E77-F920-420B-8E45-ED5966650357}.Release|Windows Phone.ActiveCfg = Release|Win32
		{ABB60E77-F920-420B-8E45-ED5966650357}.Release|x64.ActiveCfg = Release|Win32
		{ABB60E77-F920-420B-8E45-ED5966650357}.Release|x86.ActiveCfg = Release|Win32
		{ABB60E77-F920-420B-8E45-ED5966650357}.Release|x86.Build.0 = Release|Win32
		{ABB60E77-F920-420B-8E45-ED5966650357}.Release|Xbox 360.ActiveCfg = Release|Win32
		{EC48474E-A2FA-44E6-8757-935C9A2F390B}.Debug|Any CPU.ActiveCfg = Debug|Win32
		{EC48474E-A2FA-44E6-8757-935C9A2F390B}.Debug|ARM.ActiveCfg = Debug|Win32
		{EC48474E-A2FA-44E6-8757-935C9A2F390B}.Debug|Mixed Platforms.ActiveCfg = Debug|Win32
		{EC48474E-A2FA-44E6-8757-935C9A2F390B}.Debug|Mixed Platforms.Build.0 = Debug|Win32
		{EC48474E-A2FA-44E6-8757-935C9A2F390B}.Debug|Win32.ActiveCfg = Debug|Win32
		{EC48474E-A2FA-44E6-8757-935C9A2F390B}.Debug|Win32.Build.0 = Debug|Win32
		{EC48474E-A2FA-44E6-8757-935C9A2F390B}.Debug|Windows Phone.ActiveCfg = Debug|Win32
		{EC48474E-A2FA-44E6-8757-935C9A2F390B}.Debug|x64.ActiveCfg = Debug|Win32
		{EC48474E-A2FA-44E6-8757-935C9A2F390B}.Debug|x86.ActiveCfg = Debug|Win32
		{EC48474E-A2FA-44E6-8757-935C9A2F390B}.Debug|x86.Build.0 = Debug|Win32
		{EC48474E-A2FA-44E6-8757-935C9A2F390B}.Debug|Xbox 360.ActiveCfg = Debug|Win32
		{EC48474E-A2FA-44E6-8757-935C9A2F390B}.Release|Any CPU.ActiveCfg = Release|Win32
		{EC48474E-A2FA-44E6-8757-935C9A2F390B}.Release|ARM.ActiveCfg = Release|Win32
		{EC48474E-A2FA-44E6-8757-935C9A2F390B}.Release|Mixed Platforms.ActiveCfg = Release|Win32
		{EC48474E-A2FA-44E6-8757-935C9A2F390B}.Release|Mixed Platforms.Build.0 = Release|Win32
		{EC48474E-A2FA-44E6-8757-935C9A2F390B}.Release|Win32.ActiveCfg = Release|Win32
		{EC48474E-A2FA-44E6-8757-935C9A2F390B}.Release|Win32.Build.0 = Release|Win32
		{EC48474E-A2FA-44E6-8757-935C9A2F390B}.Release|Windows Phone.ActiveCfg = Release|Win32
		{EC48474E-A2FA-44E6-8757-935C9A2F390B}.Release|x64.ActiveCfg = Release|Win32
		{EC48474E-A2FA-44E6-8757-935C9A2F390B}.Release|x86.ActiveCfg = Release|Win32
		{EC48474E-A2FA-44E6-8757-935C9A2F390B}.Release|x86.Build.0 = Release|Win32
		{EC48474E-A2FA-44E6-8757-935C9A2F390B}.Release|Xbox 360.ActiveCfg = Release|Win32
		{A678CA26-1841-4D54-960D-A00311758C5C}.Debug|Any CPU.ActiveCfg = Debug|x86
		{A678CA26-1841-4D54-960D-A00311758C5C}.Debug|ARM.ActiveCfg = Debug|x86
		{A678CA26-1841-4D54-960D-A00311758C5C}.Debug|Mixed Platforms.ActiveCfg = Debug|x86
		{A678CA26-1841-4D54-960D-A00311758C5C}.Debug|Mixed Platforms.Build.0 = Debug|x86
		{A678CA26-1841-4D54-960D-A00311758C5C}.Debug|Win32.ActiveCfg = Debug|x86
		{A678CA26-1841-4D54-960D-A00311758C5C}.Debug|Win32.Build.0 = Debug|x86
		{A678CA26-1841-4D54-960D-A00311758C5C}.Debug|Windows Phone.ActiveCfg = Debug|x86
		{A678CA26-1841-4D54-960D-A00311758C5C}.Debug|x64.ActiveCfg = Debug|x86
		{A678CA26-1841-4D54-960D-A00311758C5C}.Debug|x86.ActiveCfg = Debug|x86
		{A678CA26-1841-4D54-960D-A00311758C5C}.Debug|x86.Build.0 = Debug|x86
		{A678CA26-1841-4D54-960D-A00311758C5C}.Debug|Xbox 360.ActiveCfg = Debug|x86
		{A678CA26-1841-4D54-960D-A00311758C5C}.Release|Any CPU.ActiveCfg = Release|x86
		{A678CA26-1841-4D54-960D-A00311758C5C}.Release|ARM.ActiveCfg = Release|x86
		{A678CA26-1841-4D54-960D-A00311758C5C}.Release|Mixed Platforms.ActiveCfg = Release|x86
		{A678CA26-1841-4D54-960D-A00311758C5C}.Release|Mixed Platforms.Build.0 = Release|x86
		{A678CA26-1841-4D54-960D-A00311758C5C}.Release|Win32.ActiveCfg = Release|x86
		{A678CA26-1841-4D54-960D-A00311758C5C}.Release|Win32.Build.0 = Release|x86
		{A678CA26-1841-4D54-960D-A00311758C5C}.Release|Windows Phone.ActiveCfg = Release|x86
		{A678CA26-1841-4D54-960D-A00311758C5C}.Release|x64.ActiveCfg = Release|x86
		{A678CA26-1841-4D54-960D-A00311758C5C}.Release|x86.ActiveCfg = Release|x86
		{A678CA26-1841-4D54-960D-A00311758C5C}.Release|x86.Build.0 = Release|x86
		{A678CA26-1841-4D54-960D-A00311758C5C}.Release|Xbox 360.ActiveCfg = Release|x86
	EndGlobalSection
	GlobalSection(SolutionProperties) = preSolution
		HideSolutionNode = FALSE
	EndGlobalSection
	GlobalSection(NestedProjects) = preSolution
		{3210F6F0-6D4E-467C-8E7D-DBE7FFBDED5B} = {B367BE2C-EB00-45EF-BB0B-98028CF82B2C}
		{B77E4890-8CD0-4BF0-8752-D799D2162359} = {B367BE2C-EB00-45EF-BB0B-98028CF82B2C}
		{ABB60E77-F920-420B-8E45-ED5966650357} = {B367BE2C-EB00-45EF-BB0B-98028CF82B2C}
		{EC48474E-A2FA-44E6-8757-935C9A2F390B} = {B367BE2C-EB00-45EF-BB0B-98028CF82B2C}
	EndGlobalSection
EndGlobal
